// !$*UTF8*$!
{
	archiveVersion = 1;
	classes = {
	};
	objectVersion = 56;
	objects = {

/* Begin PBXBuildFile section */
		DD5B4492295AFF3F00C83A1E /* AppDelegate.swift in Sources */ = {isa = PBXBuildFile; fileRef = DD5B4491295AFF3F00C83A1E /* AppDelegate.swift */; };
		DD5B4494295AFF3F00C83A1E /* SceneDelegate.swift in Sources */ = {isa = PBXBuildFile; fileRef = DD5B4493295AFF3F00C83A1E /* SceneDelegate.swift */; };
		DD5B4496295AFF3F00C83A1E /* ViewController.swift in Sources */ = {isa = PBXBuildFile; fileRef = DD5B4495295AFF3F00C83A1E /* ViewController.swift */; };
		DD5B4499295AFF3F00C83A1E /* Main.storyboard in Resources */ = {isa = PBXBuildFile; fileRef = DD5B4497295AFF3F00C83A1E /* Main.storyboard */; };
		DD5B449B295AFF4100C83A1E /* Assets.xcassets in Resources */ = {isa = PBXBuildFile; fileRef = DD5B449A295AFF4100C83A1E /* Assets.xcassets */; };
		DD5B449E295AFF4100C83A1E /* LaunchScreen.storyboard in Resources */ = {isa = PBXBuildFile; fileRef = DD5B449C295AFF4100C83A1E /* LaunchScreen.storyboard */; };
		DD5B44A9295AFF4100C83A1E /* SampleARKitTests.swift in Sources */ = {isa = PBXBuildFile; fileRef = DD5B44A8295AFF4100C83A1E /* SampleARKitTests.swift */; };
		DD5B44B3295AFF4100C83A1E /* SampleARKitUITests.swift in Sources */ = {isa = PBXBuildFile; fileRef = DD5B44B2295AFF4100C83A1E /* SampleARKitUITests.swift */; };
		DD5B44B5295AFF4100C83A1E /* SampleARKitUITestsLaunchTests.swift in Sources */ = {isa = PBXBuildFile; fileRef = DD5B44B4295AFF4100C83A1E /* SampleARKitUITestsLaunchTests.swift */; };
/* End PBXBuildFile section */

/* Begin PBXContainerItemProxy section */
		DD5B44A5295AFF4100C83A1E /* PBXContainerItemProxy */ = {
			isa = PBXContainerItemProxy;
			containerPortal = DD5B4486295AFF3F00C83A1E /* Project object */;
			proxyType = 1;
			remoteGlobalIDString = DD5B448D295AFF3F00C83A1E;
			remoteInfo = SampleARKit;
		};
		DD5B44AF295AFF4100C83A1E /* PBXContainerItemProxy */ = {
			isa = PBXContainerItemProxy;
			containerPortal = DD5B4486295AFF3F00C83A1E /* Project object */;
			proxyType = 1;
			remoteGlobalIDString = DD5B448D295AFF3F00C83A1E;
			remoteInfo = SampleARKit;
		};
/* End PBXContainerItemProxy section */

/* Begin PBXFileReference section */
		DD5B448E295AFF3F00C83A1E /* SampleARKit.app */ = {isa = PBXFileReference; explicitFileType = wrapper.application; includeInIndex = 0; path = SampleARKit.app; sourceTree = BUILT_PRODUCTS_DIR; };
		DD5B4491295AFF3F00C83A1E /* AppDelegate.swift */ = {isa = PBXFileReference; lastKnownFileType = sourcecode.swift; path = AppDelegate.swift; sourceTree = "<group>"; };
		DD5B4493295AFF3F00C83A1E /* SceneDelegate.swift */ = {isa = PBXFileReference; lastKnownFileType = sourcecode.swift; path = SceneDelegate.swift; sourceTree = "<group>"; };
		DD5B4495295AFF3F00C83A1E /* ViewController.swift */ = {isa = PBXFileReference; lastKnownFileType = sourcecode.swift; path = ViewController.swift; sourceTree = "<group>"; };
		DD5B4498295AFF3F00C83A1E /* Base */ = {isa = PBXFileReference; lastKnownFileType = file.storyboard; name = Base; path = Base.lproj/Main.storyboard; sourceTree = "<group>"; };
		DD5B449A295AFF4100C83A1E /* Assets.xcassets */ = {isa = PBXFileReference; lastKnownFileType = folder.assetcatalog; path = Assets.xcassets; sourceTree = "<group>"; };
		DD5B449D295AFF4100C83A1E /* Base */ = {isa = PBXFileReference; lastKnownFileType = file.storyboard; name = Base; path = Base.lproj/LaunchScreen.storyboard; sourceTree = "<group>"; };
		DD5B449F295AFF4100C83A1E /* Info.plist */ = {isa = PBXFileReference; lastKnownFileType = text.plist.xml; path = Info.plist; sourceTree = "<group>"; };
		DD5B44A4295AFF4100C83A1E /* SampleARKitTests.xctest */ = {isa = PBXFileReference; explicitFileType = wrapper.cfbundle; includeInIndex = 0; path = SampleARKitTests.xctest; sourceTree = BUILT_PRODUCTS_DIR; };
		DD5B44A8295AFF4100C83A1E /* SampleARKitTests.swift */ = {isa = PBXFileReference; lastKnownFileType = sourcecode.swift; path = SampleARKitTests.swift; sourceTree = "<group>"; };
		DD5B44AE295AFF4100C83A1E /* SampleARKitUITests.xctest */ = {isa = PBXFileReference; explicitFileType = wrapper.cfbundle; includeInIndex = 0; path = SampleARKitUITests.xctest; sourceTree = BUILT_PRODUCTS_DIR; };
		DD5B44B2295AFF4100C83A1E /* SampleARKitUITests.swift */ = {isa = PBXFileReference; lastKnownFileType = sourcecode.swift; path = SampleARKitUITests.swift; sourceTree = "<group>"; };
		DD5B44B4295AFF4100C83A1E /* SampleARKitUITestsLaunchTests.swift */ = {isa = PBXFileReference; lastKnownFileType = sourcecode.swift; path = SampleARKitUITestsLaunchTests.swift; sourceTree = "<group>"; };
/* End PBXFileReference section */

/* Begin PBXFrameworksBuildPhase section */
		DD5B448B295AFF3F00C83A1E /* Frameworks */ = {
			isa = PBXFrameworksBuildPhase;
			buildActionMask = 2147483647;
			files = (
			);
			runOnlyForDeploymentPostprocessing = 0;
		};
		DD5B44A1295AFF4100C83A1E /* Frameworks */ = {
			isa = PBXFrameworksBuildPhase;
			buildActionMask = 2147483647;
			files = (
			);
			runOnlyForDeploymentPostprocessing = 0;
		};
		DD5B44AB295AFF4100C83A1E /* Frameworks */ = {
			isa = PBXFrameworksBuildPhase;
			buildActionMask = 2147483647;
			files = (
			);
			runOnlyForDeploymentPostprocessing = 0;
		};
/* End PBXFrameworksBuildPhase section */

/* Begin PBXGroup section */
		DD5B4485295AFF3F00C83A1E = {
			isa = PBXGroup;
			children = (
				DD5B4490295AFF3F00C83A1E /* SampleARKit */,
				DD5B44A7295AFF4100C83A1E /* SampleARKitTests */,
				DD5B44B1295AFF4100C83A1E /* SampleARKitUITests */,
				DD5B448F295AFF3F00C83A1E /* Products */,
			);
			sourceTree = "<group>";
		};
		DD5B448F295AFF3F00C83A1E /* Products */ = {
			isa = PBXGroup;
			children = (
				DD5B448E295AFF3F00C83A1E /* SampleARKit.app */,
				DD5B44A4295AFF4100C83A1E /* SampleARKitTests.xctest */,
				DD5B44AE295AFF4100C83A1E /* SampleARKitUITests.xctest */,
			);
			name = Products;
			sourceTree = "<group>";
		};
		DD5B4490295AFF3F00C83A1E /* SampleARKit */ = {
			isa = PBXGroup;
			children = (
				DD5B4491295AFF3F00C83A1E /* AppDelegate.swift */,
				DD5B4493295AFF3F00C83A1E /* SceneDelegate.swift */,
				DD5B4495295AFF3F00C83A1E /* ViewController.swift */,
				DD5B4497295AFF3F00C83A1E /* Main.storyboard */,
				DD5B449A295AFF4100C83A1E /* Assets.xcassets */,
				DD5B449C295AFF4100C83A1E /* LaunchScreen.storyboard */,
				DD5B449F295AFF4100C83A1E /* Info.plist */,
			);
			path = SampleARKit;
			sourceTree = "<group>";
		};
		DD5B44A7295AFF4100C83A1E /* SampleARKitTests */ = {
			isa = PBXGroup;
			children = (
				DD5B44A8295AFF4100C83A1E /* SampleARKitTests.swift */,
			);
			path = SampleARKitTests;
			sourceTree = "<group>";
		};
		DD5B44B1295AFF4100C83A1E /* SampleARKitUITests */ = {
			isa = PBXGroup;
			children = (
				DD5B44B2295AFF4100C83A1E /* SampleARKitUITests.swift */,
				DD5B44B4295AFF4100C83A1E /* SampleARKitUITestsLaunchTests.swift */,
			);
			path = SampleARKitUITests;
			sourceTree = "<group>";
		};
/* End PBXGroup section */

/* Begin PBXNativeTarget section */
		DD5B448D295AFF3F00C83A1E /* SampleARKit */ = {
			isa = PBXNativeTarget;
			buildConfigurationList = DD5B44B8295AFF4100C83A1E /* Build configuration list for PBXNativeTarget "SampleARKit" */;
			buildPhases = (
				DD5B448A295AFF3F00C83A1E /* Sources */,
				DD5B448B295AFF3F00C83A1E /* Frameworks */,
				DD5B448C295AFF3F00C83A1E /* Resources */,
			);
			buildRules = (
			);
			dependencies = (
			);
			name = SampleARKit;
			productName = SampleARKit;
			productReference = DD5B448E295AFF3F00C83A1E /* SampleARKit.app */;
			productType = "com.apple.product-type.application";
		};
		DD5B44A3295AFF4100C83A1E /* SampleARKitTests */ = {
			isa = PBXNativeTarget;
			buildConfigurationList = DD5B44BB295AFF4100C83A1E /* Build configuration list for PBXNativeTarget "SampleARKitTests" */;
			buildPhases = (
				DD5B44A0295AFF4100C83A1E /* Sources */,
				DD5B44A1295AFF4100C83A1E /* Frameworks */,
				DD5B44A2295AFF4100C83A1E /* Resources */,
			);
			buildRules = (
			);
			dependencies = (
				DD5B44A6295AFF4100C83A1E /* PBXTargetDependency */,
			);
			name = SampleARKitTests;
			productName = SampleARKitTests;
			productReference = DD5B44A4295AFF4100C83A1E /* SampleARKitTests.xctest */;
			productType = "com.apple.product-type.bundle.unit-test";
		};
		DD5B44AD295AFF4100C83A1E /* SampleARKitUITests */ = {
			isa = PBXNativeTarget;
			buildConfigurationList = DD5B44BE295AFF4100C83A1E /* Build configuration list for PBXNativeTarget "SampleARKitUITests" */;
			buildPhases = (
				DD5B44AA295AFF4100C83A1E /* Sources */,
				DD5B44AB295AFF4100C83A1E /* Frameworks */,
				DD5B44AC295AFF4100C83A1E /* Resources */,
			);
			buildRules = (
			);
			dependencies = (
				DD5B44B0295AFF4100C83A1E /* PBXTargetDependency */,
			);
			name = SampleARKitUITests;
			productName = SampleARKitUITests;
			productReference = DD5B44AE295AFF4100C83A1E /* SampleARKitUITests.xctest */;
			productType = "com.apple.product-type.bundle.ui-testing";
		};
/* End PBXNativeTarget section */

/* Begin PBXProject section */
		DD5B4486295AFF3F00C83A1E /* Project object */ = {
			isa = PBXProject;
			attributes = {
				BuildIndependentTargetsInParallel = 1;
				LastSwiftUpdateCheck = 1410;
				LastUpgradeCheck = 1410;
				TargetAttributes = {
					DD5B448D295AFF3F00C83A1E = {
						CreatedOnToolsVersion = 14.1;
					};
					DD5B44A3295AFF4100C83A1E = {
						CreatedOnToolsVersion = 14.1;
						TestTargetID = DD5B448D295AFF3F00C83A1E;
					};
					DD5B44AD295AFF4100C83A1E = {
						CreatedOnToolsVersion = 14.1;
						TestTargetID = DD5B448D295AFF3F00C83A1E;
					};
				};
			};
			buildConfigurationList = DD5B4489295AFF3F00C83A1E /* Build configuration list for PBXProject "SampleARKit" */;
			compatibilityVersion = "Xcode 14.0";
			developmentRegion = en;
			hasScannedForEncodings = 0;
			knownRegions = (
				en,
				Base,
			);
			mainGroup = DD5B4485295AFF3F00C83A1E;
			productRefGroup = DD5B448F295AFF3F00C83A1E /* Products */;
			projectDirPath = "";
			projectRoot = "";
			targets = (
				DD5B448D295AFF3F00C83A1E /* SampleARKit */,
				DD5B44A3295AFF4100C83A1E /* SampleARKitTests */,
				DD5B44AD295AFF4100C83A1E /* SampleARKitUITests */,
			);
		};
/* End PBXProject section */

/* Begin PBXResourcesBuildPhase section */
		DD5B448C295AFF3F00C83A1E /* Resources */ = {
			isa = PBXResourcesBuildPhase;
			buildActionMask = 2147483647;
			files = (
				DD5B449E295AFF4100C83A1E /* LaunchScreen.storyboard in Resources */,
				DD5B449B295AFF4100C83A1E /* Assets.xcassets in Resources */,
				DD5B4499295AFF3F00C83A1E /* Main.storyboard in Resources */,
			);
			runOnlyForDeploymentPostprocessing = 0;
		};
		DD5B44A2295AFF4100C83A1E /* Resources */ = {
			isa = PBXResourcesBuildPhase;
			buildActionMask = 2147483647;
			files = (
			);
			runOnlyForDeploymentPostprocessing = 0;
		};
		DD5B44AC295AFF4100C83A1E /* Resources */ = {
			isa = PBXResourcesBuildPhase;
			buildActionMask = 2147483647;
			files = (
			);
			runOnlyForDeploymentPostprocessing = 0;
		};
/* End PBXResourcesBuildPhase section */

/* Begin PBXSourcesBuildPhase section */
		DD5B448A295AFF3F00C83A1E /* Sources */ = {
			isa = PBXSourcesBuildPhase;
			buildActionMask = 2147483647;
			files = (
				DD5B4496295AFF3F00C83A1E /* ViewController.swift in Sources */,
				DD5B4492295AFF3F00C83A1E /* AppDelegate.swift in Sources */,
				DD5B4494295AFF3F00C83A1E /* SceneDelegate.swift in Sources */,
			);
			runOnlyForDeploymentPostprocessing = 0;
		};
		DD5B44A0295AFF4100C83A1E /* Sources */ = {
			isa = PBXSourcesBuildPhase;
			buildActionMask = 2147483647;
			files = (
				DD5B44A9295AFF4100C83A1E /* SampleARKitTests.swift in Sources */,
			);
			runOnlyForDeploymentPostprocessing = 0;
		};
		DD5B44AA295AFF4100C83A1E /* Sources */ = {
			isa = PBXSourcesBuildPhase;
			buildActionMask = 2147483647;
			files = (
				DD5B44B5295AFF4100C83A1E /* SampleARKitUITestsLaunchTests.swift in Sources */,
				DD5B44B3295AFF4100C83A1E /* SampleARKitUITests.swift in Sources */,
			);
			runOnlyForDeploymentPostprocessing = 0;
		};
/* End PBXSourcesBuildPhase section */

/* Begin PBXTargetDependency section */
		DD5B44A6295AFF4100C83A1E /* PBXTargetDependency */ = {
			isa = PBXTargetDependency;
			target = DD5B448D295AFF3F00C83A1E /* SampleARKit */;
			targetProxy = DD5B44A5295AFF4100C83A1E /* PBXContainerItemProxy */;
		};
		DD5B44B0295AFF4100C83A1E /* PBXTargetDependency */ = {
			isa = PBXTargetDependency;
			target = DD5B448D295AFF3F00C83A1E /* SampleARKit */;
			targetProxy = DD5B44AF295AFF4100C83A1E /* PBXContainerItemProxy */;
		};
/* End PBXTargetDependency section */

/* Begin PBXVariantGroup section */
		DD5B4497295AFF3F00C83A1E /* Main.storyboard */ = {
			isa = PBXVariantGroup;
			children = (
				DD5B4498295AFF3F00C83A1E /* Base */,
			);
			name = Main.storyboard;
			sourceTree = "<group>";
		};
		DD5B449C295AFF4100C83A1E /* LaunchScreen.storyboard */ = {
			isa = PBXVariantGroup;
			children = (
				DD5B449D295AFF4100C83A1E /* Base */,
			);
			name = LaunchScreen.storyboard;
			sourceTree = "<group>";
		};
/* End PBXVariantGroup section */

/* Begin XCBuildConfiguration section */
		DD5B44B6295AFF4100C83A1E /* Debug */ = {
			isa = XCBuildConfiguration;
			buildSettings = {
				ALWAYS_SEARCH_USER_PATHS = NO;
				CLANG_ANALYZER_NONNULL = YES;
				CLANG_ANALYZER_NUMBER_OBJECT_CONVERSION = YES_AGGRESSIVE;
				CLANG_CXX_LANGUAGE_STANDARD = "gnu++20";
				CLANG_ENABLE_MODULES = YES;
				CLANG_ENABLE_OBJC_ARC = YES;
				CLANG_ENABLE_OBJC_WEAK = YES;
				CLANG_WARN_BLOCK_CAPTURE_AUTORELEASING = YES;
				CLANG_WARN_BOOL_CONVERSION = YES;
				CLANG_WARN_COMMA = YES;
				CLANG_WARN_CONSTANT_CONVERSION = YES;
				CLANG_WARN_DEPRECATED_OBJC_IMPLEMENTATIONS = YES;
				CLANG_WARN_DIRECT_OBJC_ISA_USAGE = YES_ERROR;
				CLANG_WARN_DOCUMENTATION_COMMENTS = YES;
				CLANG_WARN_EMPTY_BODY = YES;
				CLANG_WARN_ENUM_CONVERSION = YES;
				CLANG_WARN_INFINITE_RECURSION = YES;
				CLANG_WARN_INT_CONVERSION = YES;
				CLANG_WARN_NON_LITERAL_NULL_CONVERSION = YES;
				CLANG_WARN_OBJC_IMPLICIT_RETAIN_SELF = YES;
				CLANG_WARN_OBJC_LITERAL_CONVERSION = YES;
				CLANG_WARN_OBJC_ROOT_CLASS = YES_ERROR;
				CLANG_WARN_QUOTED_INCLUDE_IN_FRAMEWORK_HEADER = YES;
				CLANG_WARN_RANGE_LOOP_ANALYSIS = YES;
				CLANG_WARN_STRICT_PROTOTYPES = YES;
				CLANG_WARN_SUSPICIOUS_MOVE = YES;
				CLANG_WARN_UNGUARDED_AVAILABILITY = YES_AGGRESSIVE;
				CLANG_WARN_UNREACHABLE_CODE = YES;
				CLANG_WARN__DUPLICATE_METHOD_MATCH = YES;
				COPY_PHASE_STRIP = NO;
				DEBUG_INFORMATION_FORMAT = dwarf;
				ENABLE_STRICT_OBJC_MSGSEND = YES;
				ENABLE_TESTABILITY = YES;
				GCC_C_LANGUAGE_STANDARD = gnu11;
				GCC_DYNAMIC_NO_PIC = NO;
				GCC_NO_COMMON_BLOCKS = YES;
				GCC_OPTIMIZATION_LEVEL = 0;
				GCC_PREPROCESSOR_DEFINITIONS = (
					"DEBUG=1",
					"$(inherited)",
				);
				GCC_WARN_64_TO_32_BIT_CONVERSION = YES;
				GCC_WARN_ABOUT_RETURN_TYPE = YES_ERROR;
				GCC_WARN_UNDECLARED_SELECTOR = YES;
				GCC_WARN_UNINITIALIZED_AUTOS = YES_AGGRESSIVE;
				GCC_WARN_UNUSED_FUNCTION = YES;
				GCC_WARN_UNUSED_VARIABLE = YES;
				IPHONEOS_DEPLOYMENT_TARGET = 16.1;
				MTL_ENABLE_DEBUG_INFO = INCLUDE_SOURCE;
				MTL_FAST_MATH = YES;
				ONLY_ACTIVE_ARCH = YES;
				SDKROOT = iphoneos;
				SWIFT_ACTIVE_COMPILATION_CONDITIONS = DEBUG;
				SWIFT_OPTIMIZATION_LEVEL = "-Onone";
			};
			name = Debug;
		};
		DD5B44B7295AFF4100C83A1E /* Release */ = {
			isa = XCBuildConfiguration;
			buildSettings = {
				ALWAYS_SEARCH_USER_PATHS = NO;
				CLANG_ANALYZER_NONNULL = YES;
				CLANG_ANALYZER_NUMBER_OBJECT_CONVERSION = YES_AGGRESSIVE;
				CLANG_CXX_LANGUAGE_STANDARD = "gnu++20";
				CLANG_ENABLE_MODULES = YES;
				CLANG_ENABLE_OBJC_ARC = YES;
				CLANG_ENABLE_OBJC_WEAK = YES;
				CLANG_WARN_BLOCK_CAPTURE_AUTORELEASING = YES;
				CLANG_WARN_BOOL_CONVERSION = YES;
				CLANG_WARN_COMMA = YES;
				CLANG_WARN_CONSTANT_CONVERSION = YES;
				CLANG_WARN_DEPRECATED_OBJC_IMPLEMENTATIONS = YES;
				CLANG_WARN_DIRECT_OBJC_ISA_USAGE = YES_ERROR;
				CLANG_WARN_DOCUMENTATION_COMMENTS = YES;
				CLANG_WARN_EMPTY_BODY = YES;
				CLANG_WARN_ENUM_CONVERSION = YES;
				CLANG_WARN_INFINITE_RECURSION = YES;
				CLANG_WARN_INT_CONVERSION = YES;
				CLANG_WARN_NON_LITERAL_NULL_CONVERSION = YES;
				CLANG_WARN_OBJC_IMPLICIT_RETAIN_SELF = YES;
				CLANG_WARN_OBJC_LITERAL_CONVERSION = YES;
				CLANG_WARN_OBJC_ROOT_CLASS = YES_ERROR;
				CLANG_WARN_QUOTED_INCLUDE_IN_FRAMEWORK_HEADER = YES;
				CLANG_WARN_RANGE_LOOP_ANALYSIS = YES;
				CLANG_WARN_STRICT_PROTOTYPES = YES;
				CLANG_WARN_SUSPICIOUS_MOVE = YES;
				CLANG_WARN_UNGUARDED_AVAILABILITY = YES_AGGRESSIVE;
				CLANG_WARN_UNREACHABLE_CODE = YES;
				CLANG_WARN__DUPLICATE_METHOD_MATCH = YES;
				COPY_PHASE_STRIP = NO;
				DEBUG_INFORMATION_FORMAT = "dwarf-with-dsym";
				ENABLE_NS_ASSERTIONS = NO;
				ENABLE_STRICT_OBJC_MSGSEND = YES;
				GCC_C_LANGUAGE_STANDARD = gnu11;
				GCC_NO_COMMON_BLOCKS = YES;
				GCC_WARN_64_TO_32_BIT_CONVERSION = YES;
				GCC_WARN_ABOUT_RETURN_TYPE = YES_ERROR;
				GCC_WARN_UNDECLARED_SELECTOR = YES;
				GCC_WARN_UNINITIALIZED_AUTOS = YES_AGGRESSIVE;
				GCC_WARN_UNUSED_FUNCTION = YES;
				GCC_WARN_UNUSED_VARIABLE = YES;
				IPHONEOS_DEPLOYMENT_TARGET = 16.1;
				MTL_ENABLE_DEBUG_INFO = NO;
				MTL_FAST_MATH = YES;
				SDKROOT = iphoneos;
				SWIFT_COMPILATION_MODE = wholemodule;
				SWIFT_OPTIMIZATION_LEVEL = "-O";
				VALIDATE_PRODUCT = YES;
			};
			name = Release;
		};
		DD5B44B9295AFF4100C83A1E /* Debug */ = {
			isa = XCBuildConfiguration;
			buildSettings = {
				ASSETCATALOG_COMPILER_APPICON_NAME = AppIcon;
				ASSETCATALOG_COMPILER_GLOBAL_ACCENT_COLOR_NAME = AccentColor;
				CODE_SIGN_STYLE = Automatic;
				CURRENT_PROJECT_VERSION = 1;
				GENERATE_INFOPLIST_FILE = YES;
				INFOPLIST_FILE = SampleARKit/Info.plist;
				INFOPLIST_KEY_UIApplicationSupportsIndirectInputEvents = YES;
				INFOPLIST_KEY_UILaunchStoryboardName = LaunchScreen;
				INFOPLIST_KEY_UIMainStoryboardFile = Main;
				INFOPLIST_KEY_UISupportedInterfaceOrientations_iPad = "UIInterfaceOrientationPortrait UIInterfaceOrientationPortraitUpsideDown UIInterfaceOrientationLandscapeLeft UIInterfaceOrientationLandscapeRight";
				INFOPLIST_KEY_UISupportedInterfaceOrientations_iPhone = "UIInterfaceOrientationPortrait UIInterfaceOrientationLandscapeLeft UIInterfaceOrientationLandscapeRight";
				LD_RUNPATH_SEARCH_PATHS = (
					"$(inherited)",
					"@executable_path/Frameworks",
				);
				MARKETING_VERSION = 1.0;
				PRODUCT_BUNDLE_IDENTIFIER = com.raghvendrapacholi.SampleARKit;
				PRODUCT_NAME = "$(TARGET_NAME)";
				SWIFT_EMIT_LOC_STRINGS = YES;
				SWIFT_VERSION = 5.0;
				TARGETED_DEVICE_FAMILY = "1,2";
			};
			name = Debug;
		};
		DD5B44BA295AFF4100C83A1E /* Release */ = {
			isa = XCBuildConfiguration;
			buildSettings = {
				ASSETCATALOG_COMPILER_APPICON_NAME = AppIcon;
				ASSETCATALOG_COMPILER_GLOBAL_ACCENT_COLOR_NAME = AccentColor;
				CODE_SIGN_STYLE = Automatic;
				CURRENT_PROJECT_VERSION = 1;
				GENERATE_INFOPLIST_FILE = YES;
				INFOPLIST_FILE = SampleARKit/Info.plist;
				INFOPLIST_KEY_UIApplicationSupportsIndirectInputEvents = YES;
				INFOPLIST_KEY_UILaunchStoryboardName = LaunchScreen;
				INFOPLIST_KEY_UIMainStoryboardFile = Main;
				INFOPLIST_KEY_UISupportedInterfaceOrientations_iPad = "UIInterfaceOrientationPortrait UIInterfaceOrientationPortraitUpsideDown UIInterfaceOrientationLandscapeLeft UIInterfaceOrientationLandscapeRight";
				INFOPLIST_KEY_UISupportedInterfaceOrientations_iPhone = "UIInterfaceOrientationPortrait UIInterfaceOrientationLandscapeLeft UIInterfaceOrientationLandscapeRight";
				LD_RUNPATH_SEARCH_PATHS = (
					"$(inherited)",
					"@executable_path/Frameworks",
				);
				MARKETING_VERSION = 1.0;
				PRODUCT_BUNDLE_IDENTIFIER = com.raghvendrapacholi.SampleARKit;
				PRODUCT_NAME = "$(TARGET_NAME)";
				SWIFT_EMIT_LOC_STRINGS = YES;
				SWIFT_VERSION = 5.0;
				TARGETED_DEVICE_FAMILY = "1,2";
			};
			name = Release;
		};
		DD5B44BC295AFF4100C83A1E /* Debug */ = {
			isa = XCBuildConfiguration;
			buildSettings = {
				ALWAYS_EMBED_SWIFT_STANDARD_LIBRARIES = YES;
				BUNDLE_LOADER = "$(TEST_HOST)";
				CODE_SIGN_STYLE = Automatic;
				CURRENT_PROJECT_VERSION = 1;
				GENERATE_INFOPLIST_FILE = YES;
				IPHONEOS_DEPLOYMENT_TARGET = 16.1;
				MARKETING_VERSION = 1.0;
				PRODUCT_BUNDLE_IDENTIFIER = com.raghvendrapacholi.SampleARKitTests;
				PRODUCT_NAME = "$(TARGET_NAME)";
				SWIFT_EMIT_LOC_STRINGS = NO;
				SWIFT_VERSION = 5.0;
				TARGETED_DEVICE_FAMILY = "1,2";
				TEST_HOST = "$(BUILT_PRODUCTS_DIR)/SampleARKit.app/$(BUNDLE_EXECUTABLE_FOLDER_PATH)/SampleARKit";
			};
			name = Debug;
		};
		DD5B44BD295AFF4100C83A1E /* Release */ = {
			isa = XCBuildConfiguration;
			buildSettings = {
				ALWAYS_EMBED_SWIFT_STANDARD_LIBRARIES = YES;
				BUNDLE_LOADER = "$(TEST_HOST)";
				CODE_SIGN_STYLE = Automatic;
				CURRENT_PROJECT_VERSION = 1;
				GENERATE_INFOPLIST_FILE = YES;
				IPHONEOS_DEPLOYMENT_TARGET = 16.1;
				MARKETING_VERSION = 1.0;
				PRODUCT_BUNDLE_IDENTIFIER = com.raghvendrapacholi.SampleARKitTests;
				PRODUCT_NAME = "$(TARGET_NAME)";
				SWIFT_EMIT_LOC_STRINGS = NO;
				SWIFT_VERSION = 5.0;
				TARGETED_DEVICE_FAMILY = "1,2";
				TEST_HOST = "$(BUILT_PRODUCTS_DIR)/SampleARKit.app/$(BUNDLE_EXECUTABLE_FOLDER_PATH)/SampleARKit";
			};
			name = Release;
		};
		DD5B44BF295AFF4100C83A1E /* Debug */ = {
			isa = XCBuildConfiguration;
			buildSettings = {
				ALWAYS_EMBED_SWIFT_STANDARD_LIBRARIES = YES;
				CODE_SIGN_STYLE = Automatic;
				CURRENT_PROJECT_VERSION = 1;
				GENERATE_INFOPLIST_FILE = YES;
				MARKETING_VERSION = 1.0;
				PRODUCT_BUNDLE_IDENTIFIER = com.raghvendrapacholi.SampleARKitUITests;
				PRODUCT_NAME = "$(TARGET_NAME)";
				SWIFT_EMIT_LOC_STRINGS = NO;
				SWIFT_VERSION = 5.0;
				TARGETED_DEVICE_FAMILY = "1,2";
				TEST_TARGET_NAME = SampleARKit;
			};
			name = Debug;
		};
		DD5B44C0295AFF4100C83A1E /* Release */ = {
			isa = XCBuildConfiguration;
			buildSettings = {
				ALWAYS_EMBED_SWIFT_STANDARD_LIBRARIES = YES;
				CODE_SIGN_STYLE = Automatic;
				CURRENT_PROJECT_VERSION = 1;
				GENERATE_INFOPLIST_FILE = YES;
				MARKETING_VERSION = 1.0;
				PRODUCT_BUNDLE_IDENTIFIER = com.raghvendrapacholi.SampleARKitUITests;
				PRODUCT_NAME = "$(TARGET_NAME)";
				SWIFT_EMIT_LOC_STRINGS = NO;
				SWIFT_VERSION = 5.0;
				TARGETED_DEVICE_FAMILY = "1,2";
				TEST_TARGET_NAME = SampleARKit;
			};
			name = Release;
		};
/* End XCBuildConfiguration section */

/* Begin XCConfigurationList section */
		DD5B4489295AFF3F00C83A1E /* Build configuration list for PBXProject "SampleARKit" */ = {
			isa = XCConfigurationList;
			buildConfigurations = (
				DD5B44B6295AFF4100C83A1E /* Debug */,
				DD5B44B7295AFF4100C83A1E /* Release */,
			);
			defaultConfigurationIsVisible = 0;
			defaultConfigurationName = Release;
		};
		DD5B44B8295AFF4100C83A1E /* Build configuration list for PBXNativeTarget "SampleARKit" */ = {
			isa = XCConfigurationList;
			buildConfigurations = (
				DD5B44B9295AFF4100C83A1E /* Debug */,
				DD5B44BA295AFF4100C83A1E /* Release */,
			);
			defaultConfigurationIsVisible = 0;
			defaultConfigurationName = Release;
		};
		DD5B44BB295AFF4100C83A1E /* Build configuration list for PBXNativeTarget "SampleARKitTests" */ = {
			isa = XCConfigurationList;
			buildConfigurations = (
				DD5B44BC295AFF4100C83A1E /* Debug */,
				DD5B44BD295AFF4100C83A1E /* Release */,
			);
			defaultConfigurationIsVisible = 0;
			defaultConfigurationName = Release;
		};
		DD5B44BE295AFF4100C83A1E /* Build configuration list for PBXNativeTarget "SampleARKitUITests" */ = {
			isa = XCConfigurationList;
			buildConfigurations = (
				DD5B44BF295AFF4100C83A1E /* Debug */,
				DD5B44C0295AFF4100C83A1E /* Release */,
			);
			defaultConfigurationIsVisible = 0;
			defaultConfigurationName = Release;
		};
/* End XCConfigurationList section */
	};
	rootObject = DD5B4486295AFF3F00C83A1E /* Project object */;
}
